
Microsoft Visual Studio Solution File, Format Version 12.00
# Visual Studio 15
VisualStudioVersion = 15.0.28010.2048
MinimumVisualStudioVersion = 10.0.40219.1
Project("{F184B08F-C81C-45F6-A57F-5ABD9991F28F}") = "risersoft.app.powerbom", "Windows\risersoft.app.powerbom\risersoft.app.powerbom.vbproj", "{0199FA69-35AF-4D29-A287-325733E19B0D}"
EndProject
Project("{F184B08F-C81C-45F6-A57F-5ABD9991F28F}") = "_RSPowerBOM", "Windows\risersoft.exe.powerbom\_RSPowerBOM.vbproj", "{806737CC-FC49-4116-BAE8-C38888FD8FED}"
EndProject
Project("{F184B08F-C81C-45F6-A57F-5ABD9991F28F}") = "risersoft.app.powernest", "Windows\risersoft.app.powernest\risersoft.app.powernest.vbproj", "{F24B324E-9843-46D7-BE14-96C9E7E8F5E8}"
EndProject
Project("{F184B08F-C81C-45F6-A57F-5ABD9991F28F}") = "risersoft.app.config", "..\Common\Windows\risersoft.app.config\risersoft.app.config.vbproj", "{6E72E896-AFCE-497C-95ED-676F43B862F1}"
EndProject
Project("{F184B08F-C81C-45F6-A57F-5ABD9991F28F}") = "risersoft.app.mxform", "..\Common\Forms\risersoft.app.mxform\risersoft.app.mxform.vbproj", "{0E5882D2-22B1-4716-99DF-680A77AE3E19}"
EndProject
Project("{F184B08F-C81C-45F6-A57F-5ABD9991F28F}") = "risersoft.app.mxform.eto", "..\Common\Forms\risersoft.app.mxform.eto\risersoft.app.mxform.eto.vbproj", "{1369917E-2571-46F6-89A4-56826252D4E6}"
EndProject
Project("{F184B08F-C81C-45F6-A57F-5ABD9991F28F}") = "risersoft.app.reports.erp", "..\Common\Reports\risersoft.app.reports.erp\risersoft.app.reports.erp.vbproj", "{CAD33710-07BC-4C86-AF4C-3A24BA8AB6BA}"
EndProject
Project("{F184B08F-C81C-45F6-A57F-5ABD9991F28F}") = "risersoft.app.reports", "..\Common\Reports\risersoft.app.reports.eto\risersoft.app.reports.vbproj", "{D4834A97-3F18-4E9D-A6B4-12A6737A1586}"
EndProject
Project("{F184B08F-C81C-45F6-A57F-5ABD9991F28F}") = "risersoft.app.mxform.pbom", "Framework\risersoft.app.mxform.pbom\risersoft.app.mxform.pbom.vbproj", "{785BD5D5-15D0-4E06-944D-50E09C03F6C2}"
EndProject
Global
	GlobalSection(SolutionConfigurationPlatforms) = preSolution
		All|Any CPU = All|Any CPU
		All|x86 = All|x86
		Debug|Any CPU = Debug|Any CPU
		Debug|x86 = Debug|x86
		Debug2|Any CPU = Debug2|Any CPU
		Debug2|x86 = Debug2|x86
		Release|Any CPU = Release|Any CPU
		Release|x86 = Release|x86
	EndGlobalSection
	GlobalSection(ProjectConfigurationPlatforms) = postSolution
		{0199FA69-35AF-4D29-A287-325733E19B0D}.All|Any CPU.ActiveCfg = Release|Any CPU
		{0199FA69-35AF-4D29-A287-325733E19B0D}.All|Any CPU.Build.0 = Release|Any CPU
		{0199FA69-35AF-4D29-A287-325733E19B0D}.All|x86.ActiveCfg = Release|Any CPU
		{0199FA69-35AF-4D29-A287-325733E19B0D}.Debug|Any CPU.ActiveCfg = Debug|Any CPU
		{0199FA69-35AF-4D29-A287-325733E19B0D}.Debug|Any CPU.Build.0 = Debug|Any CPU
		{0199FA69-35AF-4D29-A287-325733E19B0D}.Debug|x86.ActiveCfg = Debug|Any CPU
		{0199FA69-35AF-4D29-A287-325733E19B0D}.Debug2|Any CPU.ActiveCfg = Debug2|Any CPU
		{0199FA69-35AF-4D29-A287-325733E19B0D}.Debug2|Any CPU.Build.0 = Debug2|Any CPU
		{0199FA69-35AF-4D29-A287-325733E19B0D}.Debug2|x86.ActiveCfg = Debug2|Any CPU
		{0199FA69-35AF-4D29-A287-325733E19B0D}.Debug2|x86.Build.0 = Debug2|Any CPU
		{0199FA69-35AF-4D29-A287-325733E19B0D}.Release|Any CPU.ActiveCfg = Release|Any CPU
		{0199FA69-35AF-4D29-A287-325733E19B0D}.Release|Any CPU.Build.0 = Release|Any CPU
		{0199FA69-35AF-4D29-A287-325733E19B0D}.Release|x86.ActiveCfg = Release|Any CPU
		{806737CC-FC49-4116-BAE8-C38888FD8FED}.All|Any CPU.ActiveCfg = Release|Any CPU
		{806737CC-FC49-4116-BAE8-C38888FD8FED}.All|Any CPU.Build.0 = Release|Any CPU
		{806737CC-FC49-4116-BAE8-C38888FD8FED}.All|x86.ActiveCfg = Release|Any CPU
		{806737CC-FC49-4116-BAE8-C38888FD8FED}.Debug|Any CPU.ActiveCfg = Debug|Any CPU
		{806737CC-FC49-4116-BAE8-C38888FD8FED}.Debug|Any CPU.Build.0 = Debug|Any CPU
		{806737CC-FC49-4116-BAE8-C38888FD8FED}.Debug|x86.ActiveCfg = Debug|Any CPU
		{806737CC-FC49-4116-BAE8-C38888FD8FED}.Debug2|Any CPU.ActiveCfg = Debug2|Any CPU
		{806737CC-FC49-4116-BAE8-C38888FD8FED}.Debug2|Any CPU.Build.0 = Debug2|Any CPU
		{806737CC-FC49-4116-BAE8-C38888FD8FED}.Debug2|x86.ActiveCfg = Debug2|Any CPU
		{806737CC-FC49-4116-BAE8-C38888FD8FED}.Debug2|x86.Build.0 = Debug2|Any CPU
		{806737CC-FC49-4116-BAE8-C38888FD8FED}.Release|Any CPU.ActiveCfg = Release|Any CPU
		{806737CC-FC49-4116-BAE8-C38888FD8FED}.Release|Any CPU.Build.0 = Release|Any CPU
		{806737CC-FC49-4116-BAE8-C38888FD8FED}.Release|x86.ActiveCfg = Release|Any CPU
		{F24B324E-9843-46D7-BE14-96C9E7E8F5E8}.All|Any CPU.ActiveCfg = Release|Any CPU
		{F24B324E-9843-46D7-BE14-96C9E7E8F5E8}.All|Any CPU.Build.0 = Release|Any CPU
		{F24B324E-9843-46D7-BE14-96C9E7E8F5E8}.All|x86.ActiveCfg = Release|Any CPU
		{F24B324E-9843-46D7-BE14-96C9E7E8F5E8}.Debug|Any CPU.ActiveCfg = Debug|Any CPU
		{F24B324E-9843-46D7-BE14-96C9E7E8F5E8}.Debug|Any CPU.Build.0 = Debug|Any CPU
		{F24B324E-9843-46D7-BE14-96C9E7E8F5E8}.Debug|x86.ActiveCfg = Debug|Any CPU
		{F24B324E-9843-46D7-BE14-96C9E7E8F5E8}.Debug2|Any CPU.ActiveCfg = Debug2|Any CPU
		{F24B324E-9843-46D7-BE14-96C9E7E8F5E8}.Debug2|Any CPU.Build.0 = Debug2|Any CPU
		{F24B324E-9843-46D7-BE14-96C9E7E8F5E8}.Debug2|x86.ActiveCfg = Debug2|Any CPU
		{F24B324E-9843-46D7-BE14-96C9E7E8F5E8}.Debug2|x86.Build.0 = Debug2|Any CPU
		{F24B324E-9843-46D7-BE14-96C9E7E8F5E8}.Release|Any CPU.ActiveCfg = Release|Any CPU
		{F24B324E-9843-46D7-BE14-96C9E7E8F5E8}.Release|Any CPU.Build.0 = Release|Any CPU
		{F24B324E-9843-46D7-BE14-96C9E7E8F5E8}.Release|x86.ActiveCfg = Release|Any CPU
		{6E72E896-AFCE-497C-95ED-676F43B862F1}.All|Any CPU.ActiveCfg = Release|Any CPU
		{6E72E896-AFCE-497C-95ED-676F43B862F1}.All|Any CPU.Build.0 = Release|Any CPU
		{6E72E896-AFCE-497C-95ED-676F43B862F1}.All|x86.ActiveCfg = Release|Any CPU
		{6E72E896-AFCE-497C-95ED-676F43B862F1}.All|x86.Build.0 = Release|Any CPU
		{6E72E896-AFCE-497C-95ED-676F43B862F1}.Debug|Any CPU.ActiveCfg = Debug|Any CPU
		{6E72E896-AFCE-497C-95ED-676F43B862F1}.Debug|Any CPU.Build.0 = Debug|Any CPU
		{6E72E896-AFCE-497C-95ED-676F43B862F1}.Debug|x86.ActiveCfg = Debug|Any CPU
		{6E72E896-AFCE-497C-95ED-676F43B862F1}.Debug|x86.Build.0 = Debug|Any CPU
		{6E72E896-AFCE-497C-95ED-676F43B862F1}.Debug2|Any CPU.ActiveCfg = Debug2|Any CPU
		{6E72E896-AFCE-497C-95ED-676F43B862F1}.Debug2|Any CPU.Build.0 = Debug2|Any CPU
		{6E72E896-AFCE-497C-95ED-676F43B862F1}.Debug2|x86.ActiveCfg = Debug2|Any CPU
		{6E72E896-AFCE-497C-95ED-676F43B862F1}.Debug2|x86.Build.0 = Debug2|Any CPU
		{6E72E896-AFCE-497C-95ED-676F43B862F1}.Release|Any CPU.ActiveCfg = Release|Any CPU
		{6E72E896-AFCE-497C-95ED-676F43B862F1}.Release|Any CPU.Build.0 = Release|Any CPU
		{6E72E896-AFCE-497C-95ED-676F43B862F1}.Release|x86.ActiveCfg = Release|Any CPU
		{6E72E896-AFCE-497C-95ED-676F43B862F1}.Release|x86.Build.0 = Release|Any CPU
		{0E5882D2-22B1-4716-99DF-680A77AE3E19}.All|Any CPU.ActiveCfg = Release|Any CPU
		{0E5882D2-22B1-4716-99DF-680A77AE3E19}.All|Any CPU.Build.0 = Release|Any CPU
		{0E5882D2-22B1-4716-99DF-680A77AE3E19}.All|x86.ActiveCfg = Release|Any CPU
		{0E5882D2-22B1-4716-99DF-680A77AE3E19}.All|x86.Build.0 = Release|Any CPU
		{0E5882D2-22B1-4716-99DF-680A77AE3E19}.Debug|Any CPU.ActiveCfg = Debug|Any CPU
		{0E5882D2-22B1-4716-99DF-680A77AE3E19}.Debug|Any CPU.Build.0 = Debug|Any CPU
		{0E5882D2-22B1-4716-99DF-680A77AE3E19}.Debug|x86.ActiveCfg = Debug|Any CPU
		{0E5882D2-22B1-4716-99DF-680A77AE3E19}.Debug|x86.Build.0 = Debug|Any CPU
		{0E5882D2-22B1-4716-99DF-680A77AE3E19}.Debug2|Any CPU.ActiveCfg = Debug2|Any CPU
		{0E5882D2-22B1-4716-99DF-680A77AE3E19}.Debug2|Any CPU.Build.0 = Debug2|Any CPU
		{0E5882D2-22B1-4716-99DF-680A77AE3E19}.Debug2|x86.ActiveCfg = Debug2|Any CPU
		{0E5882D2-22B1-4716-99DF-680A77AE3E19}.Debug2|x86.Build.0 = Debug2|Any CPU
		{0E5882D2-22B1-4716-99DF-680A77AE3E19}.Release|Any CPU.ActiveCfg = Release|Any CPU
		{0E5882D2-22B1-4716-99DF-680A77AE3E19}.Release|Any CPU.Build.0 = Release|Any CPU
		{0E5882D2-22B1-4716-99DF-680A77AE3E19}.Release|x86.ActiveCfg = Release|Any CPU
		{0E5882D2-22B1-4716-99DF-680A77AE3E19}.Release|x86.Build.0 = Release|Any CPU
		{1369917E-2571-46F6-89A4-56826252D4E6}.All|Any CPU.ActiveCfg = Debug2|Any CPU
		{1369917E-2571-46F6-89A4-56826252D4E6}.All|Any CPU.Build.0 = Debug2|Any CPU
		{1369917E-2571-46F6-89A4-56826252D4E6}.All|x86.ActiveCfg = Debug2|Any CPU
		{1369917E-2571-46F6-89A4-56826252D4E6}.All|x86.Build.0 = Debug2|Any CPU
		{1369917E-2571-46F6-89A4-56826252D4E6}.Debug|Any CPU.ActiveCfg = Debug|Any CPU
		{1369917E-2571-46F6-89A4-56826252D4E6}.Debug|Any CPU.Build.0 = Debug|Any CPU
		{1369917E-2571-46F6-89A4-56826252D4E6}.Debug|x86.ActiveCfg = Debug|Any CPU
		{1369917E-2571-46F6-89A4-56826252D4E6}.Debug|x86.Build.0 = Debug|Any CPU
		{1369917E-2571-46F6-89A4-56826252D4E6}.Debug2|Any CPU.ActiveCfg = Debug2|Any CPU
		{1369917E-2571-46F6-89A4-56826252D4E6}.Debug2|Any CPU.Build.0 = Debug2|Any CPU
		{1369917E-2571-46F6-89A4-56826252D4E6}.Debug2|x86.ActiveCfg = Debug2|Any CPU
		{1369917E-2571-46F6-89A4-56826252D4E6}.Debug2|x86.Build.0 = Debug2|Any CPU
		{1369917E-2571-46F6-89A4-56826252D4E6}.Release|Any CPU.ActiveCfg = Release|Any CPU
		{1369917E-2571-46F6-89A4-56826252D4E6}.Release|Any CPU.Build.0 = Release|Any CPU
		{1369917E-2571-46F6-89A4-56826252D4E6}.Release|x86.ActiveCfg = Release|Any CPU
		{1369917E-2571-46F6-89A4-56826252D4E6}.Release|x86.Build.0 = Release|Any CPU
		{CAD33710-07BC-4C86-AF4C-3A24BA8AB6BA}.All|Any CPU.ActiveCfg = Release|Any CPU
		{CAD33710-07BC-4C86-AF4C-3A24BA8AB6BA}.All|Any CPU.Build.0 = Release|Any CPU
		{CAD33710-07BC-4C86-AF4C-3A24BA8AB6BA}.All|x86.ActiveCfg = Release|Any CPU
		{CAD33710-07BC-4C86-AF4C-3A24BA8AB6BA}.All|x86.Build.0 = Release|Any CPU
		{CAD33710-07BC-4C86-AF4C-3A24BA8AB6BA}.Debug|Any CPU.ActiveCfg = Debug|Any CPU
		{CAD33710-07BC-4C86-AF4C-3A24BA8AB6BA}.Debug|Any CPU.Build.0 = Debug|Any CPU
		{CAD33710-07BC-4C86-AF4C-3A24BA8AB6BA}.Debug|x86.ActiveCfg = Debug|Any CPU
		{CAD33710-07BC-4C86-AF4C-3A24BA8AB6BA}.Debug|x86.Build.0 = Debug|Any CPU
		{CAD33710-07BC-4C86-AF4C-3A24BA8AB6BA}.Debug2|Any CPU.ActiveCfg = Debug2|Any CPU
		{CAD33710-07BC-4C86-AF4C-3A24BA8AB6BA}.Debug2|Any CPU.Build.0 = Debug2|Any CPU
		{CAD33710-07BC-4C86-AF4C-3A24BA8AB6BA}.Debug2|x86.ActiveCfg = Debug2|Any CPU
		{CAD33710-07BC-4C86-AF4C-3A24BA8AB6BA}.Debug2|x86.Build.0 = Debug2|Any CPU
		{CAD33710-07BC-4C86-AF4C-3A24BA8AB6BA}.Release|Any CPU.ActiveCfg = Release|Any CPU
		{CAD33710-07BC-4C86-AF4C-3A24BA8AB6BA}.Release|Any CPU.Build.0 = Release|Any CPU
		{CAD33710-07BC-4C86-AF4C-3A24BA8AB6BA}.Release|x86.ActiveCfg = Release|Any CPU
		{CAD33710-07BC-4C86-AF4C-3A24BA8AB6BA}.Release|x86.Build.0 = Release|Any CPU
		{D4834A97-3F18-4E9D-A6B4-12A6737A1586}.All|Any CPU.ActiveCfg = Debug2|Any CPU
		{D4834A97-3F18-4E9D-A6B4-12A6737A1586}.All|Any CPU.Build.0 = Debug2|Any CPU
		{D4834A97-3F18-4E9D-A6B4-12A6737A1586}.All|x86.ActiveCfg = Debug2|Any CPU
		{D4834A97-3F18-4E9D-A6B4-12A6737A1586}.All|x86.Build.0 = Debug2|Any CPU
		{D4834A97-3F18-4E9D-A6B4-12A6737A1586}.Debug|Any CPU.ActiveCfg = Debug|Any CPU
		{D4834A97-3F18-4E9D-A6B4-12A6737A1586}.Debug|Any CPU.Build.0 = Debug|Any CPU
		{D4834A97-3F18-4E9D-A6B4-12A6737A1586}.Debug|x86.ActiveCfg = Debug|Any CPU
		{D4834A97-3F18-4E9D-A6B4-12A6737A1586}.Debug|x86.Build.0 = Debug|Any CPU
		{D4834A97-3F18-4E9D-A6B4-12A6737A1586}.Debug2|Any CPU.ActiveCfg = Debug2|Any CPU
		{D4834A97-3F18-4E9D-A6B4-12A6737A1586}.Debug2|Any CPU.Build.0 = Debug2|Any CPU
		{D4834A97-3F18-4E9D-A6B4-12A6737A1586}.Debug2|x86.ActiveCfg = Debug2|Any CPU
		{D4834A97-3F18-4E9D-A6B4-12A6737A1586}.Debug2|x86.Build.0 = Debug2|Any CPU
		{D4834A97-3F18-4E9D-A6B4-12A6737A1586}.Release|Any CPU.ActiveCfg = Release|Any CPU
		{D4834A97-3F18-4E9D-A6B4-12A6737A1586}.Release|Any CPU.Build.0 = Release|Any CPU
		{D4834A97-3F18-4E9D-A6B4-12A6737A1586}.Release|x86.ActiveCfg = Release|Any CPU
		{D4834A97-3F18-4E9D-A6B4-12A6737A1586}.Release|x86.Build.0 = Release|Any CPU
		{785BD5D5-15D0-4E06-944D-50E09C03F6C2}.All|Any CPU.ActiveCfg = Release|Any CPU
		{785BD5D5-15D0-4E06-944D-50E09C03F6C2}.All|Any CPU.Build.0 = Release|Any CPU
		{785BD5D5-15D0-4E06-944D-50E09C03F6C2}.All|x86.ActiveCfg = Release|Any CPU
		{785BD5D5-15D0-4E06-944D-50E09C03F6C2}.All|x86.Build.0 = Release|Any CPU
		{785BD5D5-15D0-4E06-944D-50E09C03F6C2}.Debug|Any CPU.ActiveCfg = Debug|Any CPU
		{785BD5D5-15D0-4E06-944D-50E09C03F6C2}.Debug|Any CPU.Build.0 = Debug|Any CPU
		{785BD5D5-15D0-4E06-944D-50E09C03F6C2}.Debug|x86.ActiveCfg = Debug|Any CPU
		{785BD5D5-15D0-4E06-944D-50E09C03F6C2}.Debug|x86.Build.0 = Debug|Any CPU
		{785BD5D5-15D0-4E06-944D-50E09C03F6C2}.Debug2|Any CPU.ActiveCfg = Debug2|Any CPU
		{785BD5D5-15D0-4E06-944D-50E09C03F6C2}.Debug2|Any CPU.Build.0 = Debug2|Any CPU
		{785BD5D5-15D0-4E06-944D-50E09C03F6C2}.Debug2|x86.ActiveCfg = Debug2|Any CPU
		{785BD5D5-15D0-4E06-944D-50E09C03F6C2}.Debug2|x86.Build.0 = Debug2|Any CPU
		{785BD5D5-15D0-4E06-944D-50E09C03F6C2}.Release|Any CPU.ActiveCfg = Release|Any CPU
		{785BD5D5-15D0-4E06-944D-50E09C03F6C2}.Release|Any CPU.Build.0 = Release|Any CPU
		{785BD5D5-15D0-4E06-944D-50E09C03F6C2}.Release|x86.ActiveCfg = Release|Any CPU
		{785BD5D5-15D0-4E06-944D-50E09C03F6C2}.Release|x86.Build.0 = Release|Any CPU
	EndGlobalSection
	GlobalSection(SolutionProperties) = preSolution
		HideSolutionNode = FALSE
	EndGlobalSection
	GlobalSection(ExtensibilityGlobals) = postSolution
		SolutionGuid = {C480091C-4C1F-475C-941A-06DD67651A55}
	EndGlobalSection
	GlobalSection(TeamFoundationVersionControl) = preSolution
		SccNumberOfProjects = 10
		SccEnterpriseProvider = {4CA58AB2-18FA-4F8D-95D4-32DDF27D184C}
		SccTeamFoundationServer = https://rsds.visualstudio.com/
		SccLocalPath0 = .
		SccProjectUniqueName1 = Windows\\risersoft.app.powerbom\\risersoft.app.powerbom.vbproj
		SccProjectName1 = Windows/risersoft.app.powerbom
		SccLocalPath1 = Windows\\risersoft.app.powerbom
		SccProjectUniqueName2 = Windows\\risersoft.exe.powerbom\\_RSPowerBOM.vbproj
		SccProjectName2 = Windows/risersoft.exe.powerbom
		SccLocalPath2 = Windows\\risersoft.exe.powerbom
		SccProjectUniqueName3 = Windows\\risersoft.app.powernest\\risersoft.app.powernest.vbproj
		SccProjectName3 = Windows/risersoft.app.powernest
		SccLocalPath3 = Windows\\risersoft.app.powernest
		SccProjectUniqueName4 = ..\\Auth\\Windows\\risersoft.app.config\\risersoft.app.config.vbproj
		SccProjectName4 = ../Auth/Windows/risersoft.app.config
		SccLocalPath4 = ..\\Auth\\Windows\\risersoft.app.config
		SccProjectUniqueName5 = ..\\Auth\\Forms\\risersoft.app.mxform\\risersoft.app.mxform.vbproj
		SccProjectName5 = ../Auth/Forms/risersoft.app.mxform
		SccLocalPath5 = ..\\Auth\\Forms\\risersoft.app.mxform
		SccProjectUniqueName6 = ..\\Auth\\Forms\\risersoft.app.mxform.eto\\risersoft.app.mxform.eto.vbproj
		SccProjectName6 = ../Auth/Forms/risersoft.app.mxform.eto
		SccLocalPath6 = ..\\Auth\\Forms\\risersoft.app.mxform.eto
		SccProjectUniqueName7 = ..\\Auth\\Reports\\risersoft.app.reports.erp\\risersoft.app.reports.erp.vbproj
		SccProjectName7 = ../Auth/Reports/risersoft.app.reports.erp
		SccLocalPath7 = ..\\Auth\\Reports\\risersoft.app.reports.erp
		SccProjectUniqueName8 = ..\\Auth\\Reports\\risersoft.app.reports.eto\\risersoft.app.reports.vbproj
		SccProjectName8 = ../Auth/Reports/risersoft.app.reports.eto
		SccLocalPath8 = ..\\Auth\\Reports\\risersoft.app.reports.eto
		SccProjectUniqueName9 = Framework\\risersoft.app.mxform.pbom\\risersoft.app.mxform.pbom.vbproj
		SccProjectName9 = Framework/risersoft.app.mxform.pbom
		SccLocalPath9 = Framework\\risersoft.app.mxform.pbom
	EndGlobalSection
EndGlobal
